// !$*UTF8*$!
{
	archiveVersion = 1;
	classes = {
	};
	objectVersion = 55;
	objects = {

/* Begin PBXBuildFile section */
		BD2FDB9A286640EC00D42639 /* AppDelegate.swift in Sources */ = {isa = PBXBuildFile; fileRef = BD2FDB99286640EC00D42639 /* AppDelegate.swift */; };
		BD2FDB9C286640EC00D42639 /* SceneDelegate.swift in Sources */ = {isa = PBXBuildFile; fileRef = BD2FDB9B286640EC00D42639 /* SceneDelegate.swift */; };
		BD2FDB9E286640EC00D42639 /* ViewController.swift in Sources */ = {isa = PBXBuildFile; fileRef = BD2FDB9D286640EC00D42639 /* ViewController.swift */; };
		BD2FDBA1286640EC00D42639 /* Main.storyboard in Resources */ = {isa = PBXBuildFile; fileRef = BD2FDB9F286640EC00D42639 /* Main.storyboard */; };
		BD2FDBA4286640EC00D42639 /* todolist.xcdatamodeld in Sources */ = {isa = PBXBuildFile; fileRef = BD2FDBA2286640EC00D42639 /* todolist.xcdatamodeld */; };
		BD2FDBA6286640EE00D42639 /* Assets.xcassets in Resources */ = {isa = PBXBuildFile; fileRef = BD2FDBA5286640EE00D42639 /* Assets.xcassets */; };
		BD2FDBA9286640EE00D42639 /* LaunchScreen.storyboard in Resources */ = {isa = PBXBuildFile; fileRef = BD2FDBA7286640EE00D42639 /* LaunchScreen.storyboard */; };
		BD2FDBB4286640EE00D42639 /* todolistTests.swift in Sources */ = {isa = PBXBuildFile; fileRef = BD2FDBB3286640EE00D42639 /* todolistTests.swift */; };
		BD2FDBBE286640EE00D42639 /* todolistUITests.swift in Sources */ = {isa = PBXBuildFile; fileRef = BD2FDBBD286640EE00D42639 /* todolistUITests.swift */; };
		BD2FDBC0286640EE00D42639 /* todolistUITestsLaunchTests.swift in Sources */ = {isa = PBXBuildFile; fileRef = BD2FDBBF286640EE00D42639 /* todolistUITestsLaunchTests.swift */; };
/* End PBXBuildFile section */

/* Begin PBXContainerItemProxy section */
		BD2FDBB0286640EE00D42639 /* PBXContainerItemProxy */ = {
			isa = PBXContainerItemProxy;
			containerPortal = BD2FDB8E286640EC00D42639 /* Project object */;
			proxyType = 1;
			remoteGlobalIDString = BD2FDB95286640EC00D42639;
			remoteInfo = todolist;
		};
		BD2FDBBA286640EE00D42639 /* PBXContainerItemProxy */ = {
			isa = PBXContainerItemProxy;
			containerPortal = BD2FDB8E286640EC00D42639 /* Project object */;
			proxyType = 1;
			remoteGlobalIDString = BD2FDB95286640EC00D42639;
			remoteInfo = todolist;
		};
/* End PBXContainerItemProxy section */

/* Begin PBXFileReference section */
		BD2FDB96286640EC00D42639 /* todolist.app */ = {isa = PBXFileReference; explicitFileType = wrapper.application; includeInIndex = 0; path = todolist.app; sourceTree = BUILT_PRODUCTS_DIR; };
		BD2FDB99286640EC00D42639 /* AppDelegate.swift */ = {isa = PBXFileReference; lastKnownFileType = sourcecode.swift; path = AppDelegate.swift; sourceTree = "<group>"; };
		BD2FDB9B286640EC00D42639 /* SceneDelegate.swift */ = {isa = PBXFileReference; lastKnownFileType = sourcecode.swift; path = SceneDelegate.swift; sourceTree = "<group>"; };
		BD2FDB9D286640EC00D42639 /* ViewController.swift */ = {isa = PBXFileReference; lastKnownFileType = sourcecode.swift; path = ViewController.swift; sourceTree = "<group>"; };
		BD2FDBA0286640EC00D42639 /* Base */ = {isa = PBXFileReference; lastKnownFileType = file.storyboard; name = Base; path = Base.lproj/Main.storyboard; sourceTree = "<group>"; };
		BD2FDBA3286640EC00D42639 /* todolist.xcdatamodel */ = {isa = PBXFileReference; lastKnownFileType = wrapper.xcdatamodel; path = todolist.xcdatamodel; sourceTree = "<group>"; };
		BD2FDBA5286640EE00D42639 /* Assets.xcassets */ = {isa = PBXFileReference; lastKnownFileType = folder.assetcatalog; path = Assets.xcassets; sourceTree = "<group>"; };
		BD2FDBA8286640EE00D42639 /* Base */ = {isa = PBXFileReference; lastKnownFileType = file.storyboard; name = Base; path = Base.lproj/LaunchScreen.storyboard; sourceTree = "<group>"; };
		BD2FDBAA286640EE00D42639 /* Info.plist */ = {isa = PBXFileReference; lastKnownFileType = text.plist.xml; path = Info.plist; sourceTree = "<group>"; };
		BD2FDBAF286640EE00D42639 /* todolistTests.xctest */ = {isa = PBXFileReference; explicitFileType = wrapper.cfbundle; includeInIndex = 0; path = todolistTests.xctest; sourceTree = BUILT_PRODUCTS_DIR; };
		BD2FDBB3286640EE00D42639 /* todolistTests.swift */ = {isa = PBXFileReference; lastKnownFileType = sourcecode.swift; path = todolistTests.swift; sourceTree = "<group>"; };
		BD2FDBB9286640EE00D42639 /* todolistUITests.xctest */ = {isa = PBXFileReference; explicitFileType = wrapper.cfbundle; includeInIndex = 0; path = todolistUITests.xctest; sourceTree = BUILT_PRODUCTS_DIR; };
		BD2FDBBD286640EE00D42639 /* todolistUITests.swift */ = {isa = PBXFileReference; lastKnownFileType = sourcecode.swift; path = todolistUITests.swift; sourceTree = "<group>"; };
		BD2FDBBF286640EE00D42639 /* todolistUITestsLaunchTests.swift */ = {isa = PBXFileReference; lastKnownFileType = sourcecode.swift; path = todolistUITestsLaunchTests.swift; sourceTree = "<group>"; };
/* End PBXFileReference section */

/* Begin PBXFrameworksBuildPhase section */
		BD2FDB93286640EC00D42639 /* Frameworks */ = {
			isa = PBXFrameworksBuildPhase;
			buildActionMask = 2147483647;
			files = (
			);
			runOnlyForDeploymentPostprocessing = 0;
		};
		BD2FDBAC286640EE00D42639 /* Frameworks */ = {
			isa = PBXFrameworksBuildPhase;
			buildActionMask = 2147483647;
			files = (
			);
			runOnlyForDeploymentPostprocessing = 0;
		};
		BD2FDBB6286640EE00D42639 /* Frameworks */ = {
			isa = PBXFrameworksBuildPhase;
			buildActionMask = 2147483647;
			files = (
			);
			runOnlyForDeploymentPostprocessing = 0;
		};
/* End PBXFrameworksBuildPhase section */

/* Begin PBXGroup section */
		BD2FDB8D286640EC00D42639 = {
			isa = PBXGroup;
			children = (
				BD2FDB98286640EC00D42639 /* todolist */,
				BD2FDBB2286640EE00D42639 /* todolistTests */,
				BD2FDBBC286640EE00D42639 /* todolistUITests */,
				BD2FDB97286640EC00D42639 /* Products */,
			);
			sourceTree = "<group>";
		};
		BD2FDB97286640EC00D42639 /* Products */ = {
			isa = PBXGroup;
			children = (
				BD2FDB96286640EC00D42639 /* todolist.app */,
				BD2FDBAF286640EE00D42639 /* todolistTests.xctest */,
				BD2FDBB9286640EE00D42639 /* todolistUITests.xctest */,
			);
			name = Products;
			sourceTree = "<group>";
		};
		BD2FDB98286640EC00D42639 /* todolist */ = {
			isa = PBXGroup;
			children = (
				BD2FDB99286640EC00D42639 /* AppDelegate.swift */,
				BD2FDB9B286640EC00D42639 /* SceneDelegate.swift */,
				BD2FDB9D286640EC00D42639 /* ViewController.swift */,
				BD2FDB9F286640EC00D42639 /* Main.storyboard */,
				BD2FDBA5286640EE00D42639 /* Assets.xcassets */,
				BD2FDBA7286640EE00D42639 /* LaunchScreen.storyboard */,
				BD2FDBAA286640EE00D42639 /* Info.plist */,
				BD2FDBA2286640EC00D42639 /* todolist.xcdatamodeld */,
			);
			path = todolist;
			sourceTree = "<group>";
		};
		BD2FDBB2286640EE00D42639 /* todolistTests */ = {
			isa = PBXGroup;
			children = (
				BD2FDBB3286640EE00D42639 /* todolistTests.swift */,
			);
			path = todolistTests;
			sourceTree = "<group>";
		};
		BD2FDBBC286640EE00D42639 /* todolistUITests */ = {
			isa = PBXGroup;
			children = (
				BD2FDBBD286640EE00D42639 /* todolistUITests.swift */,
				BD2FDBBF286640EE00D42639 /* todolistUITestsLaunchTests.swift */,
			);
			path = todolistUITests;
			sourceTree = "<group>";
		};
/* End PBXGroup section */

/* Begin PBXNativeTarget section */
		BD2FDB95286640EC00D42639 /* todolist */ = {
			isa = PBXNativeTarget;
			buildConfigurationList = BD2FDBC3286640EE00D42639 /* Build configuration list for PBXNativeTarget "todolist" */;
			buildPhases = (
				BD2FDB92286640EC00D42639 /* Sources */,
				BD2FDB93286640EC00D42639 /* Frameworks */,
				BD2FDB94286640EC00D42639 /* Resources */,
			);
			buildRules = (
			);
			dependencies = (
			);
			name = todolist;
			productName = todolist;
			productReference = BD2FDB96286640EC00D42639 /* todolist.app */;
			productType = "com.apple.product-type.application";
		};
		BD2FDBAE286640EE00D42639 /* todolistTests */ = {
			isa = PBXNativeTarget;
			buildConfigurationList = BD2FDBC6286640EE00D42639 /* Build configuration list for PBXNativeTarget "todolistTests" */;
			buildPhases = (
				BD2FDBAB286640EE00D42639 /* Sources */,
				BD2FDBAC286640EE00D42639 /* Frameworks */,
				BD2FDBAD286640EE00D42639 /* Resources */,
			);
			buildRules = (
			);
			dependencies = (
				BD2FDBB1286640EE00D42639 /* PBXTargetDependency */,
			);
			name = todolistTests;
			productName = todolistTests;
			productReference = BD2FDBAF286640EE00D42639 /* todolistTests.xctest */;
			productType = "com.apple.product-type.bundle.unit-test";
		};
		BD2FDBB8286640EE00D42639 /* todolistUITests */ = {
			isa = PBXNativeTarget;
			buildConfigurationList = BD2FDBC9286640EE00D42639 /* Build configuration list for PBXNativeTarget "todolistUITests" */;
			buildPhases = (
				BD2FDBB5286640EE00D42639 /* Sources */,
				BD2FDBB6286640EE00D42639 /* Frameworks */,
				BD2FDBB7286640EE00D42639 /* Resources */,
			);
			buildRules = (
			);
			dependencies = (
				BD2FDBBB286640EE00D42639 /* PBXTargetDependency */,
			);
			name = todolistUITests;
			productName = todolistUITests;
			productReference = BD2FDBB9286640EE00D42639 /* todolistUITests.xctest */;
			productType = "com.apple.product-type.bundle.ui-testing";
		};
/* End PBXNativeTarget section */

/* Begin PBXProject section */
		BD2FDB8E286640EC00D42639 /* Project object */ = {
			isa = PBXProject;
			attributes = {
				BuildIndependentTargetsInParallel = 1;
				LastSwiftUpdateCheck = 1340;
				LastUpgradeCheck = 1340;
				TargetAttributes = {
					BD2FDB95286640EC00D42639 = {
						CreatedOnToolsVersion = 13.4.1;
					};
					BD2FDBAE286640EE00D42639 = {
						CreatedOnToolsVersion = 13.4.1;
						TestTargetID = BD2FDB95286640EC00D42639;
					};
					BD2FDBB8286640EE00D42639 = {
						CreatedOnToolsVersion = 13.4.1;
						TestTargetID = BD2FDB95286640EC00D42639;
					};
				};
			};
			buildConfigurationList = BD2FDB91286640EC00D42639 /* Build configuration list for PBXProject "todolist" */;
			compatibilityVersion = "Xcode 13.0";
			developmentRegion = en;
			hasScannedForEncodings = 0;
			knownRegions = (
				en,
				Base,
			);
			mainGroup = BD2FDB8D286640EC00D42639;
			productRefGroup = BD2FDB97286640EC00D42639 /* Products */;
			projectDirPath = "";
			projectRoot = "";
			targets = (
				BD2FDB95286640EC00D42639 /* todolist */,
				BD2FDBAE286640EE00D42639 /* todolistTests */,
				BD2FDBB8286640EE00D42639 /* todolistUITests */,
			);
		};
/* End PBXProject section */

/* Begin PBXResourcesBuildPhase section */
		BD2FDB94286640EC00D42639 /* Resources */ = {
			isa = PBXResourcesBuildPhase;
			buildActionMask = 2147483647;
			files = (
				BD2FDBA9286640EE00D42639 /* LaunchScreen.storyboard in Resources */,
				BD2FDBA6286640EE00D42639 /* Assets.xcassets in Resources */,
				BD2FDBA1286640EC00D42639 /* Main.storyboard in Resources */,
			);
			runOnlyForDeploymentPostprocessing = 0;
		};
		BD2FDBAD286640EE00D42639 /* Resources */ = {
			isa = PBXResourcesBuildPhase;
			buildActionMask = 2147483647;
			files = (
			);
			runOnlyForDeploymentPostprocessing = 0;
		};
		BD2FDBB7286640EE00D42639 /* Resources */ = {
			isa = PBXResourcesBuildPhase;
			buildActionMask = 2147483647;
			files = (
			);
			runOnlyForDeploymentPostprocessing = 0;
		};
/* End PBXResourcesBuildPhase section */

/* Begin PBXSourcesBuildPhase section */
		BD2FDB92286640EC00D42639 /* Sources */ = {
			isa = PBXSourcesBuildPhase;
			buildActionMask = 2147483647;
			files = (
				BD2FDB9E286640EC00D42639 /* ViewController.swift in Sources */,
				BD2FDB9A286640EC00D42639 /* AppDelegate.swift in Sources */,
				BD2FDB9C286640EC00D42639 /* SceneDelegate.swift in Sources */,
				BD2FDBA4286640EC00D42639 /* todolist.xcdatamodeld in Sources */,
			);
			runOnlyForDeploymentPostprocessing = 0;
		};
		BD2FDBAB286640EE00D42639 /* Sources */ = {
			isa = PBXSourcesBuildPhase;
			buildActionMask = 2147483647;
			files = (
				BD2FDBB4286640EE00D42639 /* todolistTests.swift in Sources */,
			);
			runOnlyForDeploymentPostprocessing = 0;
		};
		BD2FDBB5286640EE00D42639 /* Sources */ = {
			isa = PBXSourcesBuildPhase;
			buildActionMask = 2147483647;
			files = (
				BD2FDBC0286640EE00D42639 /* todolistUITestsLaunchTests.swift in Sources */,
				BD2FDBBE286640EE00D42639 /* todolistUITests.swift in Sources */,
			);
			runOnlyForDeploymentPostprocessing = 0;
		};
/* End PBXSourcesBuildPhase section */

/* Begin PBXTargetDependency section */
		BD2FDBB1286640EE00D42639 /* PBXTargetDependency */ = {
			isa = PBXTargetDependency;
			target = BD2FDB95286640EC00D42639 /* todolist */;
			targetProxy = BD2FDBB0286640EE00D42639 /* PBXContainerItemProxy */;
		};
		BD2FDBBB286640EE00D42639 /* PBXTargetDependency */ = {
			isa = PBXTargetDependency;
			target = BD2FDB95286640EC00D42639 /* todolist */;
			targetProxy = BD2FDBBA286640EE00D42639 /* PBXContainerItemProxy */;
		};
/* End PBXTargetDependency section */

/* Begin PBXVariantGroup section */
		BD2FDB9F286640EC00D42639 /* Main.storyboard */ = {
			isa = PBXVariantGroup;
			children = (
				BD2FDBA0286640EC00D42639 /* Base */,
			);
			name = Main.storyboard;
			sourceTree = "<group>";
		};
		BD2FDBA7286640EE00D42639 /* LaunchScreen.storyboard */ = {
			isa = PBXVariantGroup;
			children = (
				BD2FDBA8286640EE00D42639 /* Base */,
			);
			name = LaunchScreen.storyboard;
			sourceTree = "<group>";
		};
/* End PBXVariantGroup section */

/* Begin XCBuildConfiguration section */
		BD2FDBC1286640EE00D42639 /* Debug */ = {
			isa = XCBuildConfiguration;
			buildSettings = {
				ALWAYS_SEARCH_USER_PATHS = NO;
				CLANG_ANALYZER_NONNULL = YES;
				CLANG_ANALYZER_NUMBER_OBJECT_CONVERSION = YES_AGGRESSIVE;
				CLANG_CXX_LANGUAGE_STANDARD = "gnu++17";
				CLANG_ENABLE_MODULES = YES;
				CLANG_ENABLE_OBJC_ARC = YES;
				CLANG_ENABLE_OBJC_WEAK = YES;
				CLANG_WARN_BLOCK_CAPTURE_AUTORELEASING = YES;
				CLANG_WARN_BOOL_CONVERSION = YES;
				CLANG_WARN_COMMA = YES;
				CLANG_WARN_CONSTANT_CONVERSION = YES;
				CLANG_WARN_DEPRECATED_OBJC_IMPLEMENTATIONS = YES;
				CLANG_WARN_DIRECT_OBJC_ISA_USAGE = YES_ERROR;
				CLANG_WARN_DOCUMENTATION_COMMENTS = YES;
				CLANG_WARN_EMPTY_BODY = YES;
				CLANG_WARN_ENUM_CONVERSION = YES;
				CLANG_WARN_INFINITE_RECURSION = YES;
				CLANG_WARN_INT_CONVERSION = YES;
				CLANG_WARN_NON_LITERAL_NULL_CONVERSION = YES;
				CLANG_WARN_OBJC_IMPLICIT_RETAIN_SELF = YES;
				CLANG_WARN_OBJC_LITERAL_CONVERSION = YES;
				CLANG_WARN_OBJC_ROOT_CLASS = YES_ERROR;
				CLANG_WARN_QUOTED_INCLUDE_IN_FRAMEWORK_HEADER = YES;
				CLANG_WARN_RANGE_LOOP_ANALYSIS = YES;
				CLANG_WARN_STRICT_PROTOTYPES = YES;
				CLANG_WARN_SUSPICIOUS_MOVE = YES;
				CLANG_WARN_UNGUARDED_AVAILABILITY = YES_AGGRESSIVE;
				CLANG_WARN_UNREACHABLE_CODE = YES;
				CLANG_WARN__DUPLICATE_METHOD_MATCH = YES;
				COPY_PHASE_STRIP = NO;
				DEBUG_INFORMATION_FORMAT = dwarf;
				ENABLE_STRICT_OBJC_MSGSEND = YES;
				ENABLE_TESTABILITY = YES;
				GCC_C_LANGUAGE_STANDARD = gnu11;
				GCC_DYNAMIC_NO_PIC = NO;
				GCC_NO_COMMON_BLOCKS = YES;
				GCC_OPTIMIZATION_LEVEL = 0;
				GCC_PREPROCESSOR_DEFINITIONS = (
					"DEBUG=1",
					"$(inherited)",
				);
				GCC_WARN_64_TO_32_BIT_CONVERSION = YES;
				GCC_WARN_ABOUT_RETURN_TYPE = YES_ERROR;
				GCC_WARN_UNDECLARED_SELECTOR = YES;
				GCC_WARN_UNINITIALIZED_AUTOS = YES_AGGRESSIVE;
				GCC_WARN_UNUSED_FUNCTION = YES;
				GCC_WARN_UNUSED_VARIABLE = YES;
				IPHONEOS_DEPLOYMENT_TARGET = 15.5;
				MTL_ENABLE_DEBUG_INFO = INCLUDE_SOURCE;
				MTL_FAST_MATH = YES;
				ONLY_ACTIVE_ARCH = YES;
				SDKROOT = iphoneos;
				SWIFT_ACTIVE_COMPILATION_CONDITIONS = DEBUG;
				SWIFT_OPTIMIZATION_LEVEL = "-Onone";
			};
			name = Debug;
		};
		BD2FDBC2286640EE00D42639 /* Release */ = {
			isa = XCBuildConfiguration;
			buildSettings = {
				ALWAYS_SEARCH_USER_PATHS = NO;
				CLANG_ANALYZER_NONNULL = YES;
				CLANG_ANALYZER_NUMBER_OBJECT_CONVERSION = YES_AGGRESSIVE;
				CLANG_CXX_LANGUAGE_STANDARD = "gnu++17";
				CLANG_ENABLE_MODULES = YES;
				CLANG_ENABLE_OBJC_ARC = YES;
				CLANG_ENABLE_OBJC_WEAK = YES;
				CLANG_WARN_BLOCK_CAPTURE_AUTORELEASING = YES;
				CLANG_WARN_BOOL_CONVERSION = YES;
				CLANG_WARN_COMMA = YES;
				CLANG_WARN_CONSTANT_CONVERSION = YES;
				CLANG_WARN_DEPRECATED_OBJC_IMPLEMENTATIONS = YES;
				CLANG_WARN_DIRECT_OBJC_ISA_USAGE = YES_ERROR;
				CLANG_WARN_DOCUMENTATION_COMMENTS = YES;
				CLANG_WARN_EMPTY_BODY = YES;
				CLANG_WARN_ENUM_CONVERSION = YES;
				CLANG_WARN_INFINITE_RECURSION = YES;
				CLANG_WARN_INT_CONVERSION = YES;
				CLANG_WARN_NON_LITERAL_NULL_CONVERSION = YES;
				CLANG_WARN_OBJC_IMPLICIT_RETAIN_SELF = YES;
				CLANG_WARN_OBJC_LITERAL_CONVERSION = YES;
				CLANG_WARN_OBJC_ROOT_CLASS = YES_ERROR;
				CLANG_WARN_QUOTED_INCLUDE_IN_FRAMEWORK_HEADER = YES;
				CLANG_WARN_RANGE_LOOP_ANALYSIS = YES;
				CLANG_WARN_STRICT_PROTOTYPES = YES;
				CLANG_WARN_SUSPICIOUS_MOVE = YES;
				CLANG_WARN_UNGUARDED_AVAILABILITY = YES_AGGRESSIVE;
				CLANG_WARN_UNREACHABLE_CODE = YES;
				CLANG_WARN__DUPLICATE_METHOD_MATCH = YES;
				COPY_PHASE_STRIP = NO;
				DEBUG_INFORMATION_FORMAT = "dwarf-with-dsym";
				ENABLE_NS_ASSERTIONS = NO;
				ENABLE_STRICT_OBJC_MSGSEND = YES;
				GCC_C_LANGUAGE_STANDARD = gnu11;
				GCC_NO_COMMON_BLOCKS = YES;
				GCC_WARN_64_TO_32_BIT_CONVERSION = YES;
				GCC_WARN_ABOUT_RETURN_TYPE = YES_ERROR;
				GCC_WARN_UNDECLARED_SELECTOR = YES;
				GCC_WARN_UNINITIALIZED_AUTOS = YES_AGGRESSIVE;
				GCC_WARN_UNUSED_FUNCTION = YES;
				GCC_WARN_UNUSED_VARIABLE = YES;
				IPHONEOS_DEPLOYMENT_TARGET = 15.5;
				MTL_ENABLE_DEBUG_INFO = NO;
				MTL_FAST_MATH = YES;
				SDKROOT = iphoneos;
				SWIFT_COMPILATION_MODE = wholemodule;
				SWIFT_OPTIMIZATION_LEVEL = "-O";
				VALIDATE_PRODUCT = YES;
			};
			name = Release;
		};
		BD2FDBC4286640EE00D42639 /* Debug */ = {
			isa = XCBuildConfiguration;
			buildSettings = {
				ASSETCATALOG_COMPILER_APPICON_NAME = AppIcon;
				ASSETCATALOG_COMPILER_GLOBAL_ACCENT_COLOR_NAME = AccentColor;
				CODE_SIGN_STYLE = Automatic;
				CURRENT_PROJECT_VERSION = 1;
				GENERATE_INFOPLIST_FILE = YES;
				INFOPLIST_FILE = todolist/Info.plist;
				INFOPLIST_KEY_UIApplicationSupportsIndirectInputEvents = YES;
				INFOPLIST_KEY_UILaunchStoryboardName = LaunchScreen;
				INFOPLIST_KEY_UIMainStoryboardFile = Main;
				INFOPLIST_KEY_UISupportedInterfaceOrientations_iPad = "UIInterfaceOrientationPortrait UIInterfaceOrientationPortraitUpsideDown UIInterfaceOrientationLandscapeLeft UIInterfaceOrientationLandscapeRight";
				INFOPLIST_KEY_UISupportedInterfaceOrientations_iPhone = "UIInterfaceOrientationPortrait UIInterfaceOrientationLandscapeLeft UIInterfaceOrientationLandscapeRight";
				LD_RUNPATH_SEARCH_PATHS = (
					"$(inherited)",
					"@executable_path/Frameworks",
				);
				MARKETING_VERSION = 1.0;
				PRODUCT_BUNDLE_IDENTIFIER = kwk.todolist;
				PRODUCT_NAME = "$(TARGET_NAME)";
				SWIFT_EMIT_LOC_STRINGS = YES;
				SWIFT_VERSION = 5.0;
				TARGETED_DEVICE_FAMILY = "1,2";
			};
			name = Debug;
		};
		BD2FDBC5286640EE00D42639 /* Release */ = {
			isa = XCBuildConfiguration;
			buildSettings = {
				ASSETCATALOG_COMPILER_APPICON_NAME = AppIcon;
				ASSETCATALOG_COMPILER_GLOBAL_ACCENT_COLOR_NAME = AccentColor;
				CODE_SIGN_STYLE = Automatic;
				CURRENT_PROJECT_VERSION = 1;
				GENERATE_INFOPLIST_FILE = YES;
				INFOPLIST_FILE = todolist/Info.plist;
				INFOPLIST_KEY_UIApplicationSupportsIndirectInputEvents = YES;
				INFOPLIST_KEY_UILaunchStoryboardName = LaunchScreen;
				INFOPLIST_KEY_UIMainStoryboardFile = Main;
				INFOPLIST_KEY_UISupportedInterfaceOrientations_iPad = "UIInterfaceOrientationPortrait UIInterfaceOrientationPortraitUpsideDown UIInterfaceOrientationLandscapeLeft UIInterfaceOrientationLandscapeRight";
				INFOPLIST_KEY_UISupportedInterfaceOrientations_iPhone = "UIInterfaceOrientationPortrait UIInterfaceOrientationLandscapeLeft UIInterfaceOrientationLandscapeRight";
				LD_RUNPATH_SEARCH_PATHS = (
					"$(inherited)",
					"@executable_path/Frameworks",
				);
				MARKETING_VERSION = 1.0;
				PRODUCT_BUNDLE_IDENTIFIER = kwk.todolist;
				PRODUCT_NAME = "$(TARGET_NAME)";
				SWIFT_EMIT_LOC_STRINGS = YES;
				SWIFT_VERSION = 5.0;
				TARGETED_DEVICE_FAMILY = "1,2";
			};
			name = Release;
		};
		BD2FDBC7286640EE00D42639 /* Debug */ = {
			isa = XCBuildConfiguration;
			buildSettings = {
				ALWAYS_EMBED_SWIFT_STANDARD_LIBRARIES = YES;
				BUNDLE_LOADER = "$(TEST_HOST)";
				CODE_SIGN_STYLE = Automatic;
				CURRENT_PROJECT_VERSION = 1;
				GENERATE_INFOPLIST_FILE = YES;
				IPHONEOS_DEPLOYMENT_TARGET = 15.5;
				MARKETING_VERSION = 1.0;
				PRODUCT_BUNDLE_IDENTIFIER = kwk.todolistTests;
				PRODUCT_NAME = "$(TARGET_NAME)";
				SWIFT_EMIT_LOC_STRINGS = NO;
				SWIFT_VERSION = 5.0;
				TARGETED_DEVICE_FAMILY = "1,2";
				TEST_HOST = "$(BUILT_PRODUCTS_DIR)/todolist.app/todolist";
			};
			name = Debug;
		};
		BD2FDBC8286640EE00D42639 /* Release */ = {
			isa = XCBuildConfiguration;
			buildSettings = {
				ALWAYS_EMBED_SWIFT_STANDARD_LIBRARIES = YES;
				BUNDLE_LOADER = "$(TEST_HOST)";
				CODE_SIGN_STYLE = Automatic;
				CURRENT_PROJECT_VERSION = 1;
				GENERATE_INFOPLIST_FILE = YES;
				IPHONEOS_DEPLOYMENT_TARGET = 15.5;
				MARKETING_VERSION = 1.0;
				PRODUCT_BUNDLE_IDENTIFIER = kwk.todolistTests;
				PRODUCT_NAME = "$(TARGET_NAME)";
				SWIFT_EMIT_LOC_STRINGS = NO;
				SWIFT_VERSION = 5.0;
				TARGETED_DEVICE_FAMILY = "1,2";
				TEST_HOST = "$(BUILT_PRODUCTS_DIR)/todolist.app/todolist";
			};
			name = Release;
		};
		BD2FDBCA286640EE00D42639 /* Debug */ = {
			isa = XCBuildConfiguration;
			buildSettings = {
				ALWAYS_EMBED_SWIFT_STANDARD_LIBRARIES = YES;
				CODE_SIGN_STYLE = Automatic;
				CURRENT_PROJECT_VERSION = 1;
				GENERATE_INFOPLIST_FILE = YES;
				MARKETING_VERSION = 1.0;
				PRODUCT_BUNDLE_IDENTIFIER = kwk.todolistUITests;
				PRODUCT_NAME = "$(TARGET_NAME)";
				SWIFT_EMIT_LOC_STRINGS = NO;
				SWIFT_VERSION = 5.0;
				TARGETED_DEVICE_FAMILY = "1,2";
				TEST_TARGET_NAME = todolist;
			};
			name = Debug;
		};
		BD2FDBCB286640EE00D42639 /* Release */ = {
			isa = XCBuildConfiguration;
			buildSettings = {
				ALWAYS_EMBED_SWIFT_STANDARD_LIBRARIES = YES;
				CODE_SIGN_STYLE = Automatic;
				CURRENT_PROJECT_VERSION = 1;
				GENERATE_INFOPLIST_FILE = YES;
				MARKETING_VERSION = 1.0;
				PRODUCT_BUNDLE_IDENTIFIER = kwk.todolistUITests;
				PRODUCT_NAME = "$(TARGET_NAME)";
				SWIFT_EMIT_LOC_STRINGS = NO;
				SWIFT_VERSION = 5.0;
				TARGETED_DEVICE_FAMILY = "1,2";
				TEST_TARGET_NAME = todolist;
			};
			name = Release;
		};
/* End XCBuildConfiguration section */

/* Begin XCConfigurationList section */
		BD2FDB91286640EC00D42639 /* Build configuration list for PBXProject "todolist" */ = {
			isa = XCConfigurationList;
			buildConfigurations = (
				BD2FDBC1286640EE00D42639 /* Debug */,
				BD2FDBC2286640EE00D42639 /* Release */,
			);
			defaultConfigurationIsVisible = 0;
			defaultConfigurationName = Release;
		};
		BD2FDBC3286640EE00D42639 /* Build configuration list for PBXNativeTarget "todolist" */ = {
			isa = XCConfigurationList;
			buildConfigurations = (
				BD2FDBC4286640EE00D42639 /* Debug */,
				BD2FDBC5286640EE00D42639 /* Release */,
			);
			defaultConfigurationIsVisible = 0;
			defaultConfigurationName = Release;
		};
		BD2FDBC6286640EE00D42639 /* Build configuration list for PBXNativeTarget "todolistTests" */ = {
			isa = XCConfigurationList;
			buildConfigurations = (
				BD2FDBC7286640EE00D42639 /* Debug */,
				BD2FDBC8286640EE00D42639 /* Release */,
			);
			defaultConfigurationIsVisible = 0;
			defaultConfigurationName = Release;
		};
		BD2FDBC9286640EE00D42639 /* Build configuration list for PBXNativeTarget "todolistUITests" */ = {
			isa = XCConfigurationList;
			buildConfigurations = (
				BD2FDBCA286640EE00D42639 /* Debug */,
				BD2FDBCB286640EE00D42639 /* Release */,
			);
			defaultConfigurationIsVisible = 0;
			defaultConfigurationName = Release;
		};
/* End XCConfigurationList section */

/* Begin XCVersionGroup section */
		BD2FDBA2286640EC00D42639 /* todolist.xcdatamodeld */ = {
			isa = XCVersionGroup;
			children = (
				BD2FDBA3286640EC00D42639 /* todolist.xcdatamodel */,
			);
			currentVersion = BD2FDBA3286640EC00D42639 /* todolist.xcdatamodel */;
			path = todolist.xcdatamodeld;
			sourceTree = "<group>";
			versionGroupType = wrapper.xcdatamodel;
		};
/* End XCVersionGroup section */
	};
	rootObject = BD2FDB8E286640EC00D42639 /* Project object */;
}
